<?xml version="1.0" encoding="UTF-8"?>
<Scheme
   LastUpgradeVersion = "0640"
   version = "2.0">
   <BuildAction
      parallelizeBuildables = "YES"
      buildImplicitDependencies = "YES">
      <BuildActionEntries>
         <BuildActionEntry
            buildForTesting = "YES"
            buildForRunning = "YES"
            buildForProfiling = "YES"
            buildForArchiving = "YES"
            buildForAnalyzing = "YES">
            <BuildableReference
               BuildableIdentifier = "primary"
               BlueprintIdentifier = "9E3DA9AA1B5AA261008AA953"
               BuildableName = "SYDE351-iOS WatchKit App.app"
               BlueprintName = "SYDE351-iOS WatchKit App"
               ReferencedContainer = "container:SYDE351-iOS.xcodeproj">
            </BuildableReference>
         </BuildActionEntry>
         <BuildActionEntry
            buildForTesting = "YES"
            buildForRunning = "YES"
            buildForProfiling = "YES"
            buildForArchiving = "YES"
            buildForAnalyzing = "YES">
            <BuildableReference
               BuildableIdentifier = "primary"
               BlueprintIdentifier = "9E3DA99B1B5AA261008AA953"
               BuildableName = "SYDE351-iOS WatchKit Extension.appex"
               BlueprintName = "SYDE351-iOS WatchKit Extension"
               ReferencedContainer = "container:SYDE351-iOS.xcodeproj">
            </BuildableReference>
         </BuildActionEntry>
         <BuildActionEntry
            buildForTesting = "YES"
            buildForRunning = "YES"
            buildForProfiling = "YES"
            buildForArchiving = "YES"
            buildForAnalyzing = "YES">
            <BuildableReference
               BuildableIdentifier = "primary"
               BlueprintIdentifier = "9EB49E391B4D87990075D5F0"
               BuildableName = "SYDE351-iOS.app"
               BlueprintName = "SYDE351-iOS"
               ReferencedContainer = "container:SYDE351-iOS.xcodeproj">
            </BuildableReference>
         </BuildActionEntry>
      </BuildActionEntries>
   </BuildAction>
   <TestAction
      selectedDebuggerIdentifier = "Xcode.DebuggerFoundation.Debugger.LLDB"
      selectedLauncherIdentifier = "Xcode.DebuggerFoundation.Launcher.LLDB"
      shouldUseLaunchSchemeArgsEnv = "YES"
      buildConfiguration = "Debug">
      <Testables>
      </Testables>
      <MacroExpansion>
         <BuildableReference
            BuildableIdentifier = "primary"
            BlueprintIdentifier = "9E3DA9AA1B5AA261008AA953"
            BuildableName = "SYDE351-iOS WatchKit App.app"
            BlueprintName = "SYDE351-iOS WatchKit App"
            ReferencedContainer = "container:SYDE351-iOS.xcodeproj">
         </BuildableReference>
      </MacroExpansion>
   </TestAction>
   <LaunchAction
      selectedDebuggerIdentifier = "Xcode.DebuggerFoundation.Debugger.LLDB"
      selectedLauncherIdentifier = "Xcode.DebuggerFoundation.Launcher.LLDB"
      launchStyle = "0"
      useCustomWorkingDirectory = "NO"
      buildConfiguration = "Debug"
      ignoresPersistentStateOnLaunch = "NO"
      debugDocumentVersioning = "YES"
      allowLocationSimulation = "YES"
      launchAutomaticallySubstyle = "8"
      notificationPayloadFile = "SYDE351-iOS WatchKit Extension/PushNotificationPayload.apns">
      <RemoteRunnable
         runnableDebuggingMode = "2"
         BundleIdentifier = "com.apple.springboard"
         RemotePath = "/SYDE351-iOS">
         <BuildableReference
            BuildableIdentifier = "primary"
            BlueprintIdentifier = "9E3DA9AA1B5AA261008AA953"
            BuildableName = "SYDE351-iOS WatchKit App.app"
            BlueprintName = "SYDE351-iOS WatchKit App"
            ReferencedContainer = "container:SYDE351-iOS.xcodeproj">
         </BuildableReference>
      </RemoteRunnable>
      <MacroExpansion>
         <BuildableReference
            BuildableIdentifier = "primary"
            BlueprintIdentifier = "9E3DA9AA1B5AA261008AA953"
            BuildableName = "SYDE351-iOS WatchKit App.app"
            BlueprintName = "SYDE351-iOS WatchKit App"
            ReferencedContainer = "container:SYDE351-iOS.xcodeproj">
         </BuildableReference>
      </MacroExpansion>
      <AdditionalOptions>
      </AdditionalOptions>
   </LaunchAction>
   <ProfileAction
      shouldUseLaunchSchemeArgsEnv = "YES"
      savedToolIdentifier = ""
      useCustomWorkingDirectory = "NO"
      buildConfiguration = "Release"
      debugDocumentVersioning = "YES"
      launchAutomaticallySubstyle = "8"
      notificationPayloadFile = "SYDE351-iOS WatchKit Extension/PushNotificationPayload.apns">
      <RemoteRunnable
         runnableDebuggingMode = "2"
         BundleIdentifier = "com.apple.springboard"
         RemotePath = "/SYDE351-iOS">
         <BuildableReference
            BuildableIdentifier = "primary"
            BlueprintIdentifier = "9E3DA9AA1B5AA261008AA953"
            BuildableName = "SYDE351-iOS WatchKit App.app"
            BlueprintName = "SYDE351-iOS WatchKit App"
            ReferencedContainer = "container:SYDE351-iOS.xcodeproj">
         </BuildableReference>
      </RemoteRunnable>
      <MacroExpansion>
         <BuildableReference
            BuildableIdentifier = "primary"
            BlueprintIdentifier = "9E3DA9AA1B5AA261008AA953"
            BuildableName = "SYDE351-iOS WatchKit App.app"
            BlueprintName = "SYDE351-iOS WatchKit App"
            ReferencedContainer = "container:SYDE351-iOS.xcodeproj">
         </BuildableReference>
      </MacroExpansion>
   </ProfileAction>
   <AnalyzeAction
      buildConfiguration = "Debug">
   </AnalyzeAction>
   <ArchiveAction
      buildConfiguration = "Release"
      revealArchiveInOrganizer = "YES">
   </ArchiveAction>
</Scheme>
